
Microsoft Visual Studio Solution File, Format Version 12.00
# Visual Studio Version 17
VisualStudioVersion = 17.5.2.0
MinimumVisualStudioVersion = 10.0.40219.1
Project("{FAE04EC0-301F-11D3-BF4B-00C04F79EFBC}") = "habit-tracker", "habit-tracker\habit-tracker.csproj", "{DA59E61D-A20F-FC70-AC90-B811B3C0CDE5}"
EndProject
Project("{FAE04EC0-301F-11D3-BF4B-00C04F79EFBC}") = "to-do", "to-do\to-do.csproj", "{4CB42A04-427B-FFFC-129F-BE62E3261F49}"
EndProject
Project("{FAE04EC0-301F-11D3-BF4B-00C04F79EFBC}") = "habit-tracker-v2", "habit-tracker-v2\habit-tracker-v2.csproj", "{0A7BBCE4-3EB6-485A-837E-2D7F21734454}"
EndProject
Global
	GlobalSection(SolutionConfigurationPlatforms) = preSolution
		Debug|Any CPU = Debug|Any CPU
		Debug|x64 = Debug|x64
		Debug|x86 = Debug|x86
		Release|Any CPU = Release|Any CPU
		Release|x64 = Release|x64
		Release|x86 = Release|x86
	EndGlobalSection
	GlobalSection(ProjectConfigurationPlatforms) = postSolution
		{DA59E61D-A20F-FC70-AC90-B811B3C0CDE5}.Debug|Any CPU.ActiveCfg = Debug|Any CPU
		{DA59E61D-A20F-FC70-AC90-B811B3C0CDE5}.Debug|Any CPU.Build.0 = Debug|Any CPU
		{DA59E61D-A20F-FC70-AC90-B811B3C0CDE5}.Debug|x64.ActiveCfg = Debug|Any CPU
		{DA59E61D-A20F-FC70-AC90-B811B3C0CDE5}.Debug|x64.Build.0 = Debug|Any CPU
		{DA59E61D-A20F-FC70-AC90-B811B3C0CDE5}.Debug|x86.ActiveCfg = Debug|Any CPU
		{DA59E61D-A20F-FC70-AC90-B811B3C0CDE5}.Debug|x86.Build.0 = Debug|Any CPU
		{DA59E61D-A20F-FC70-AC90-B811B3C0CDE5}.Release|Any CPU.ActiveCfg = Release|Any CPU
		{DA59E61D-A20F-FC70-AC90-B811B3C0CDE5}.Release|Any CPU.Build.0 = Release|Any CPU
		{DA59E61D-A20F-FC70-AC90-B811B3C0CDE5}.Release|x64.ActiveCfg = Release|Any CPU
		{DA59E61D-A20F-FC70-AC90-B811B3C0CDE5}.Release|x64.Build.0 = Release|Any CPU
		{DA59E61D-A20F-FC70-AC90-B811B3C0CDE5}.Release|x86.ActiveCfg = Release|Any CPU
		{DA59E61D-A20F-FC70-AC90-B811B3C0CDE5}.Release|x86.Build.0 = Release|Any CPU
		{4CB42A04-427B-FFFC-129F-BE62E3261F49}.Debug|Any CPU.ActiveCfg = Debug|Any CPU
		{4CB42A04-427B-FFFC-129F-BE62E3261F49}.Debug|Any CPU.Build.0 = Debug|Any CPU
		{4CB42A04-427B-FFFC-129F-BE62E3261F49}.Debug|x64.ActiveCfg = Debug|Any CPU
		{4CB42A04-427B-FFFC-129F-BE62E3261F49}.Debug|x64.Build.0 = Debug|Any CPU
		{4CB42A04-427B-FFFC-129F-BE62E3261F49}.Debug|x86.ActiveCfg = Debug|Any CPU
		{4CB42A04-427B-FFFC-129F-BE62E3261F49}.Debug|x86.Build.0 = Debug|Any CPU
		{4CB42A04-427B-FFFC-129F-BE62E3261F49}.Release|Any CPU.ActiveCfg = Release|Any CPU
		{4CB42A04-427B-FFFC-129F-BE62E3261F49}.Release|Any CPU.Build.0 = Release|Any CPU
		{4CB42A04-427B-FFFC-129F-BE62E3261F49}.Release|x64.ActiveCfg = Release|Any CPU
		{4CB42A04-427B-FFFC-129F-BE62E3261F49}.Release|x64.Build.0 = Release|Any CPU
		{4CB42A04-427B-FFFC-129F-BE62E3261F49}.Release|x86.ActiveCfg = Release|Any CPU
		{4CB42A04-427B-FFFC-129F-BE62E3261F49}.Release|x86.Build.0 = Release|Any CPU
		{0A7BBCE4-3EB6-485A-837E-2D7F21734454}.Debug|Any CPU.ActiveCfg = Debug|Any CPU
		{0A7BBCE4-3EB6-485A-837E-2D7F21734454}.Debug|Any CPU.Build.0 = Debug|Any CPU
		{0A7BBCE4-3EB6-485A-837E-2D7F21734454}.Debug|x64.ActiveCfg = Debug|Any CPU
		{0A7BBCE4-3EB6-485A-837E-2D7F21734454}.Debug|x64.Build.0 = Debug|Any CPU
		{0A7BBCE4-3EB6-485A-837E-2D7F21734454}.Debug|x86.ActiveCfg = Debug|Any CPU
		{0A7BBCE4-3EB6-485A-837E-2D7F21734454}.Debug|x86.Build.0 = Debug|Any CPU
		{0A7BBCE4-3EB6-485A-837E-2D7F21734454}.Release|Any CPU.ActiveCfg = Release|Any CPU
		{0A7BBCE4-3EB6-485A-837E-2D7F21734454}.Release|Any CPU.Build.0 = Release|Any CPU
		{0A7BBCE4-3EB6-485A-837E-2D7F21734454}.Release|x64.ActiveCfg = Release|Any CPU
		{0A7BBCE4-3EB6-485A-837E-2D7F21734454}.Release|x64.Build.0 = Release|Any CPU
		{0A7BBCE4-3EB6-485A-837E-2D7F21734454}.Release|x86.ActiveCfg = Release|Any CPU
		{0A7BBCE4-3EB6-485A-837E-2D7F21734454}.Release|x86.Build.0 = Release|Any CPU
	EndGlobalSection
	GlobalSection(SolutionProperties) = preSolution
		HideSolutionNode = FALSE
	EndGlobalSection
	GlobalSection(ExtensibilityGlobals) = postSolution
		SolutionGuid = {E0D22CED-418B-4DE0-A912-FCCA321130C8}
	EndGlobalSection
EndGlobal
